
Microsoft Visual Studio Solution File, Format Version 12.00
# Visual Studio Version 17
VisualStudioVersion = 17.0.31919.166
MinimumVisualStudioVersion = 10.0.40219.1
Project("{FAE04EC0-301F-11D3-BF4B-00C04F79EFBC}") = "Romero - Rymirox Resume Creator", "Romero - Rymirox Resume Creator\Romero - Rymirox Resume Creator.csproj", "{82587E07-04F4-4825-B4E9-F032ADD08C29}"
EndProject
Global
	GlobalSection(SolutionConfigurationPlatforms) = preSolution
		Debug|Any CPU = Debug|Any CPU
		Release|Any CPU = Release|Any CPU
	EndGlobalSection
	GlobalSection(ProjectConfigurationPlatforms) = postSolution
		{82587E07-04F4-4825-B4E9-F032ADD08C29}.Debug|Any CPU.ActiveCfg = Debug|Any CPU
		{82587E07-04F4-4825-B4E9-F032ADD08C29}.Debug|Any CPU.Build.0 = Debug|Any CPU
		{82587E07-04F4-4825-B4E9-F032ADD08C29}.Release|Any CPU.ActiveCfg = Release|Any CPU
		{82587E07-04F4-4825-B4E9-F032ADD08C29}.Release|Any CPU.Build.0 = Release|Any CPU
	EndGlobalSection
	GlobalSection(SolutionProperties) = preSolution
		HideSolutionNode = FALSE
	EndGlobalSection
	GlobalSection(ExtensibilityGlobals) = postSolution
		SolutionGuid = {FCD20AC6-62E1-4AEE-A81E-0EAA742D527D}
	EndGlobalSection
EndGlobal
